
Microsoft Visual Studio Solution File, Format Version 12.00
# Visual Studio Version 17
VisualStudioVersion = 17.5.002.0
MinimumVisualStudioVersion = 10.0.40219.1
Project("{9A19103F-16F7-4668-BE54-9A1E7A4F7556}") = "finanzas", "finanzas.csproj", "{FBCCE6E8-EAA9-4D7E-B088-3C7DA59D6F2A}"
EndProject
Global
	GlobalSection(SolutionConfigurationPlatforms) = preSolution
		Debug|Any CPU = Debug|Any CPU
		Release|Any CPU = Release|Any CPU
	EndGlobalSection
	GlobalSection(ProjectConfigurationPlatforms) = postSolution
		{FBCCE6E8-EAA9-4D7E-B088-3C7DA59D6F2A}.Debug|Any CPU.ActiveCfg = Debug|Any CPU
		{FBCCE6E8-EAA9-4D7E-B088-3C7DA59D6F2A}.Debug|Any CPU.Build.0 = Debug|Any CPU
		{FBCCE6E8-EAA9-4D7E-B088-3C7DA59D6F2A}.Release|Any CPU.ActiveCfg = Release|Any CPU
		{FBCCE6E8-EAA9-4D7E-B088-3C7DA59D6F2A}.Release|Any CPU.Build.0 = Release|Any CPU
	EndGlobalSection
	GlobalSection(SolutionProperties) = preSolution
		HideSolutionNode = FALSE
	EndGlobalSection
	GlobalSection(ExtensibilityGlobals) = postSolution
		SolutionGuid = {AF82F5EB-DF68-4612-895F-2958666C9BA4}
	EndGlobalSection
EndGlobal
