
Microsoft Visual Studio Solution File, Format Version 12.00
# Visual Studio Version 17
VisualStudioVersion = 17.5.002.0
MinimumVisualStudioVersion = 10.0.40219.1
Project("{9A19103F-16F7-4668-BE54-9A1E7A4F7556}") = "Finanzas", "Finanzas\Finanzas.csproj", "{332FFB39-CB18-47B0-B83E-29AF965FE568}"
EndProject
Global
	GlobalSection(SolutionConfigurationPlatforms) = preSolution
		Debug|Any CPU = Debug|Any CPU
		Release|Any CPU = Release|Any CPU
	EndGlobalSection
	GlobalSection(ProjectConfigurationPlatforms) = postSolution
		{332FFB39-CB18-47B0-B83E-29AF965FE568}.Debug|Any CPU.ActiveCfg = Debug|Any CPU
		{332FFB39-CB18-47B0-B83E-29AF965FE568}.Debug|Any CPU.Build.0 = Debug|Any CPU
		{332FFB39-CB18-47B0-B83E-29AF965FE568}.Release|Any CPU.ActiveCfg = Release|Any CPU
		{332FFB39-CB18-47B0-B83E-29AF965FE568}.Release|Any CPU.Build.0 = Release|Any CPU
	EndGlobalSection
	GlobalSection(SolutionProperties) = preSolution
		HideSolutionNode = FALSE
	EndGlobalSection
	GlobalSection(ExtensibilityGlobals) = postSolution
		SolutionGuid = {1304D57D-5FB8-4CE4-8454-E1921E151323}
	EndGlobalSection
EndGlobal
